
Microsoft Visual Studio Solution File, Format Version 12.00
# Visual Studio Version 16
VisualStudioVersion = 16.0.32602.291
MinimumVisualStudioVersion = 10.0.40219.1
Project("{FAE04EC0-301F-11D3-BF4B-00C04F79EFBC}") = "vasif project", "vasif project\vasif project.csproj", "{C2252201-6499-471C-AAD7-A8C6E0B96D59}"
EndProject
Global
	GlobalSection(SolutionConfigurationPlatforms) = preSolution
		Debug|Any CPU = Debug|Any CPU
		Release|Any CPU = Release|Any CPU
	EndGlobalSection
	GlobalSection(ProjectConfigurationPlatforms) = postSolution
		{C2252201-6499-471C-AAD7-A8C6E0B96D59}.Debug|Any CPU.ActiveCfg = Debug|Any CPU
		{C2252201-6499-471C-AAD7-A8C6E0B96D59}.Debug|Any CPU.Build.0 = Debug|Any CPU
		{C2252201-6499-471C-AAD7-A8C6E0B96D59}.Release|Any CPU.ActiveCfg = Release|Any CPU
		{C2252201-6499-471C-AAD7-A8C6E0B96D59}.Release|Any CPU.Build.0 = Release|Any CPU
	EndGlobalSection
	GlobalSection(SolutionProperties) = preSolution
		HideSolutionNode = FALSE
	EndGlobalSection
	GlobalSection(ExtensibilityGlobals) = postSolution
		SolutionGuid = {547E347E-D2B1-4EBD-B9AC-D0B798F1DC0D}
	EndGlobalSection
EndGlobal
